{
  "name": "jevkoutils.js",
  "version": "0.1.2",
  "lockfileVersion": 2,
  "requires": true,
  "packages": {
    "": {
      "name": "jevkoutils.js",
      "version": "0.1.2",
      "license": "MIT",
      "devDependencies": {
        "parsejevko.js": "github:jevko/parsejevko.js#semver:"
      }
    },
    "node_modules/parsejevko.js": {
      "version": "0.1.3",
      "resolved": "git+ssh://git@github.com/jevko/parsejevko.js.git#1479629bedcafeb6dddb3302a3f2bbaacd0f1ae0",
      "dev": true,
      "license": "MIT"
    }
  },
  "dependencies": {
    "parsejevko.js": {
      "version": "git+ssh://git@github.com/jevko/parsejevko.js.git#1479629bedcafeb6dddb3302a3f2bbaacd0f1ae0",
      "dev": true,
      "from": "parsejevko.js@jevko/parsejevko.js#semver:"
    }
  }
}
